{
    "_readme": [
        "This file locks the dependencies of your project to a known state",
        "Read more about it at https://getcomposer.org/doc/01-basic-usage.md#installing-dependencies",
        "This file is @generated automatically"
    ],
    "content-hash": "3315cd9caadc13016f7b7edf092fce3d",
    "packages": [
        {
            "name": "errcode/framework",
            "version": "dev-master",
            "source": {
                "type": "git",
                "url": "https://github.com/ErrCodeRussia/framework.git",
                "reference": "cc4df621aa59ea24f752d4f59c29eeb9f59b0870"
            },
            "dist": {
                "type": "zip",
                "url": "https://api.github.com/repos/ErrCodeRussia/framework/zipball/cc4df621aa59ea24f752d4f59c29eeb9f59b0870",
                "reference": "cc4df621aa59ea24f752d4f59c29eeb9f59b0870",
                "shasum": ""
            },
            "require": {
                "ext-curl": "*",
                "ext-mysqli": "*",
                "ext-pdo": "*"
            },
            "type": "framework",
            "autoload": {
                "classmap": [
                    "/"
                ]
            },
            "notification-url": "https://packagist.org/downloads/",
            "license": [
                "MIT"
            ],
            "authors": [
                {
                    "name": "Pavel Sklyar",
                    "email": "ozpavel@yandex.ru"
                }
            ],
            "description": "The ErrCode Framework",
            "time": "2020-01-14T09:15:11+00:00"
        }
    ],
    "packages-dev": [],
    "aliases": [],
    "minimum-stability": "stable",
    "stability-flags": {
        "errcode/framework": 20
    },
    "prefer-stable": false,
    "prefer-lowest": false,
    "platform": [],
    "platform-dev": []
}
